
Microsoft Visual Studio Solution File, Format Version 12.00
# Visual Studio Version 16
VisualStudioVersion = 16.0.810.23
MinimumVisualStudioVersion = 10.0.40219.1
Project("{FAE04EC0-301F-11D3-BF4B-00C04F79EFBC}") = "Variables", "Variables\Variables.csproj", "{5295145F-9F19-42D9-AF79-18A12D14EA62}"
EndProject
Global
	GlobalSection(SolutionConfigurationPlatforms) = preSolution
		Debug|Any CPU = Debug|Any CPU
		Release|Any CPU = Release|Any CPU
	EndGlobalSection
	GlobalSection(ProjectConfigurationPlatforms) = postSolution
		{5295145F-9F19-42D9-AF79-18A12D14EA62}.Debug|Any CPU.ActiveCfg = Debug|Any CPU
		{5295145F-9F19-42D9-AF79-18A12D14EA62}.Debug|Any CPU.Build.0 = Debug|Any CPU
		{5295145F-9F19-42D9-AF79-18A12D14EA62}.Release|Any CPU.ActiveCfg = Release|Any CPU
		{5295145F-9F19-42D9-AF79-18A12D14EA62}.Release|Any CPU.Build.0 = Release|Any CPU
	EndGlobalSection
	GlobalSection(SolutionProperties) = preSolution
		HideSolutionNode = FALSE
	EndGlobalSection
	GlobalSection(ExtensibilityGlobals) = postSolution
		SolutionGuid = {66DC2D12-7C2A-47BD-B717-497EFA54D863}
	EndGlobalSection
EndGlobal
